
Microsoft Visual Studio Solution File, Format Version 12.00
# Visual Studio Version 17
VisualStudioVersion = 17.11.35222.181
MinimumVisualStudioVersion = 10.0.40219.1
Project("{2150E333-8FDC-42A3-9474-1A3956D46DE8}") = "Task0", "Task0", "{7722A939-356C-4F79-8A68-1D187FC9B92B}"
EndProject
Project("{FAE04EC0-301F-11D3-BF4B-00C04F79EFBC}") = "Tyuiu.GalimovaAS.Sprint4.Task0.V27", "Tyuiu.GalimovaAS.Sprint4.Task0.V27\Tyuiu.GalimovaAS.Sprint4.Task0.V27.csproj", "{292A3E5B-4F49-4F88-83EC-FF2794866C96}"
EndProject
Project("{FAE04EC0-301F-11D3-BF4B-00C04F79EFBC}") = "Tyuiu.GalimovaAS.Sprint4.Task0.V27.Lib", "Tyuiu.GalimovaAS.Sprint4.Task0.V27.Lib\Tyuiu.GalimovaAS.Sprint4.Task0.V27.Lib.csproj", "{F329597F-9160-4A20-A1A1-D58A9C47A66E}"
EndProject
Project("{FAE04EC0-301F-11D3-BF4B-00C04F79EFBC}") = "Tyuiu.GalimovaAS.Sprint4.Task0.V27.Test", "Tyuiu.GalimovaAS.Sprint4.Task0.V27.Test\Tyuiu.GalimovaAS.Sprint4.Task0.V27.Test.csproj", "{DAE91C52-E475-4D8C-95E6-512B883E3D84}"
EndProject
Project("{2150E333-8FDC-42A3-9474-1A3956D46DE8}") = "Task1", "Task1", "{406B0971-8454-4E89-846F-285B487E65E2}"
EndProject
Project("{FAE04EC0-301F-11D3-BF4B-00C04F79EFBC}") = "Tyuiu.GalimovaAS.Sprint4.Task1.V12", "Tyuiu.GalimovaAS.Sprint4.Task1.V12\Tyuiu.GalimovaAS.Sprint4.Task1.V12.csproj", "{1401951F-F7B1-4F51-946C-904D24D30751}"
EndProject
Project("{FAE04EC0-301F-11D3-BF4B-00C04F79EFBC}") = "Tyuiu.GalimovaAS.Sprint4.Task1.V12.Lib", "Tyuiu.GalimovaAS.Sprint4.Task1.V12.Lib\Tyuiu.GalimovaAS.Sprint4.Task1.V12.Lib.csproj", "{E26E119C-0D10-4A15-96F6-E3978A6EFE42}"
EndProject
Project("{FAE04EC0-301F-11D3-BF4B-00C04F79EFBC}") = "Tyuiu.GalimovaAS.Sprint4.Task1.V12.Test", "Tyuiu.GalimovaAS.Sprint4.Task1.V12.Test\Tyuiu.GalimovaAS.Sprint4.Task1.V12.Test.csproj", "{6DF653C8-C0C6-4993-AA1D-470223D69CB6}"
EndProject
Project("{2150E333-8FDC-42A3-9474-1A3956D46DE8}") = "Task2", "Task2", "{0A32D88F-CCB9-492C-BFBF-3C03AEC2D8EA}"
EndProject
Project("{FAE04EC0-301F-11D3-BF4B-00C04F79EFBC}") = "Tyuiu.GalimovaAS.Sprint4.Task2.V22", "Tyuiu.GalimovaAS.Sprint4.Task2.V22\Tyuiu.GalimovaAS.Sprint4.Task2.V22.csproj", "{E1283FF9-B722-416F-8EBA-36E3559D6908}"
EndProject
Project("{FAE04EC0-301F-11D3-BF4B-00C04F79EFBC}") = "Tyuiu.GalimovaAS.Sprint4.Task2.V22.Lib", "Tyuiu.GalimovaAS.Sprint4.Task2.V22.Lib\Tyuiu.GalimovaAS.Sprint4.Task2.V22.Lib.csproj", "{9A689426-518B-4D06-8B3F-D4343EC928F6}"
EndProject
Project("{FAE04EC0-301F-11D3-BF4B-00C04F79EFBC}") = "Tyuiu.GalimovaAS.Sprint4.Task2.V22.Test", "Tyuiu.GalimovaAS.Sprint4.Task2.V22.Test\Tyuiu.GalimovaAS.Sprint4.Task2.V22.Test.csproj", "{DDC9E3E2-5C62-4860-B1E9-BAE9A3D3D566}"
EndProject
Project("{2150E333-8FDC-42A3-9474-1A3956D46DE8}") = "Task3", "Task3", "{19840C71-5C9C-4FA8-9710-68720B609E8B}"
EndProject
Project("{FAE04EC0-301F-11D3-BF4B-00C04F79EFBC}") = "Tyuiu.GalimovaAS.Sprint4.Task3.V29", "Tyuiu.GalimovaAS.Sprint4.Task3.V29\Tyuiu.GalimovaAS.Sprint4.Task3.V29.csproj", "{65F75611-9102-49A4-BBF1-DBA29F8CB83E}"
EndProject
Project("{FAE04EC0-301F-11D3-BF4B-00C04F79EFBC}") = "Tyuiu.GalimovaAS.Sprint4.Task3.V29.Lib", "Tyuiu.GalimovaAS.Sprint4.Task3.V29.Lib\Tyuiu.GalimovaAS.Sprint4.Task3.V29.Lib.csproj", "{0995B34B-E238-41C4-85FC-E12F7A5F8A1B}"
EndProject
Project("{FAE04EC0-301F-11D3-BF4B-00C04F79EFBC}") = "Tyuiu.GalimovaAS.Sprint4.Task3.V29.Test", "Tyuiu.GalimovaAS.Sprint4.Task3.V29.Test\Tyuiu.GalimovaAS.Sprint4.Task3.V29.Test.csproj", "{13759A4D-781D-4A31-990A-87C737C562BB}"
EndProject
Project("{2150E333-8FDC-42A3-9474-1A3956D46DE8}") = "Task4", "Task4", "{BBDDCC32-0EB2-4C5A-B8DC-C8FA93D76746}"
EndProject
Project("{FAE04EC0-301F-11D3-BF4B-00C04F79EFBC}") = "Tyuiu.GalimovaAS.Sprint4.Task4.V24", "Tyuiu.GalimovaAS.Sprint4.Task4.V24\Tyuiu.GalimovaAS.Sprint4.Task4.V24.csproj", "{6B0FF7B9-5567-46A8-97E0-736B95670AB0}"
EndProject
Project("{FAE04EC0-301F-11D3-BF4B-00C04F79EFBC}") = "Tyuiu.GalimovaAS.Sprint4.Task4.V24.Lib", "Tyuiu.GalimovaAS.Sprint4.Task4.V24.Lib\Tyuiu.GalimovaAS.Sprint4.Task4.V24.Lib.csproj", "{623AE654-4FC5-45FA-B761-BFEFB9821477}"
EndProject
Project("{FAE04EC0-301F-11D3-BF4B-00C04F79EFBC}") = "Tyuiu.GalimovaAS.Sprint4.Task4.V24.Test", "Tyuiu.GalimovaAS.Sprint4.Task4.V24.Test\Tyuiu.GalimovaAS.Sprint4.Task4.V24.Test.csproj", "{A648868A-6DA3-4D09-B348-9CD3EEDE36C4}"
EndProject
Project("{2150E333-8FDC-42A3-9474-1A3956D46DE8}") = "Task5", "Task5", "{DBFD081B-AE2D-42FF-882A-36898C3C1E9D}"
EndProject
Project("{FAE04EC0-301F-11D3-BF4B-00C04F79EFBC}") = "Tyuiu.GalimovaAS.Sprint4.Task5.V29", "Tyuiu.GalimovaAS.Sprint4.Task5.V29\Tyuiu.GalimovaAS.Sprint4.Task5.V29.csproj", "{888C500F-B4DA-4531-8B4A-3D2D3C2E4807}"
EndProject
Project("{FAE04EC0-301F-11D3-BF4B-00C04F79EFBC}") = "Tyuiu.GalimovaAS.Sprint4.Task5.V29.Lib", "Tyuiu.GalimovaAS.Sprint4.Task5.V29.Lib\Tyuiu.GalimovaAS.Sprint4.Task5.V29.Lib.csproj", "{57E86676-F6A0-4D2B-948C-C659FDE63CED}"
EndProject
Project("{FAE04EC0-301F-11D3-BF4B-00C04F79EFBC}") = "Tyuiu.GalimovaAS.Sprint4.Task5.V29.Test", "Tyuiu.GalimovaAS.Sprint4.Task5.V29.Test\Tyuiu.GalimovaAS.Sprint4.Task5.V29.Test.csproj", "{946A442F-58E6-41DB-90A7-F482B2E70FE1}"
EndProject
Project("{2150E333-8FDC-42A3-9474-1A3956D46DE8}") = "Task6", "Task6", "{DB5E2947-9B5C-4B37-9824-2578F345481B}"
EndProject
Project("{FAE04EC0-301F-11D3-BF4B-00C04F79EFBC}") = "Tyuiu.GalimovaAS.Sprint4.Task6.V5", "Tyuiu.GalimovaAS.Sprint4.Task6.V5\Tyuiu.GalimovaAS.Sprint4.Task6.V5.csproj", "{45630638-6D0D-4AC4-9AF8-CAF5E5D9C5BC}"
EndProject
Project("{FAE04EC0-301F-11D3-BF4B-00C04F79EFBC}") = "Tyuiu.GalimovaAS.Sprint4.Task6.V5.Lib", "Tyuiu.GalimovaAS.Sprint4.Task6.V5.Lib\Tyuiu.GalimovaAS.Sprint4.Task6.V5.Lib.csproj", "{C03D8F4D-757C-4100-B229-DCA381E8C028}"
EndProject
Project("{FAE04EC0-301F-11D3-BF4B-00C04F79EFBC}") = "Tyuiu.GalimovaAS.Sprint4.Task6.V5.Test", "Tyuiu.GalimovaAS.Sprint4.Task6.V5.Test\Tyuiu.GalimovaAS.Sprint4.Task6.V5.Test.csproj", "{A4EE5D24-9042-450B-AB2C-A93A15EE8679}"
EndProject
Global
	GlobalSection(SolutionConfigurationPlatforms) = preSolution
		Debug|Any CPU = Debug|Any CPU
		Release|Any CPU = Release|Any CPU
	EndGlobalSection
	GlobalSection(ProjectConfigurationPlatforms) = postSolution
		{292A3E5B-4F49-4F88-83EC-FF2794866C96}.Debug|Any CPU.ActiveCfg = Debug|Any CPU
		{292A3E5B-4F49-4F88-83EC-FF2794866C96}.Debug|Any CPU.Build.0 = Debug|Any CPU
		{292A3E5B-4F49-4F88-83EC-FF2794866C96}.Release|Any CPU.ActiveCfg = Release|Any CPU
		{292A3E5B-4F49-4F88-83EC-FF2794866C96}.Release|Any CPU.Build.0 = Release|Any CPU
		{F329597F-9160-4A20-A1A1-D58A9C47A66E}.Debug|Any CPU.ActiveCfg = Debug|Any CPU
		{F329597F-9160-4A20-A1A1-D58A9C47A66E}.Debug|Any CPU.Build.0 = Debug|Any CPU
		{F329597F-9160-4A20-A1A1-D58A9C47A66E}.Release|Any CPU.ActiveCfg = Release|Any CPU
		{F329597F-9160-4A20-A1A1-D58A9C47A66E}.Release|Any CPU.Build.0 = Release|Any CPU
		{DAE91C52-E475-4D8C-95E6-512B883E3D84}.Debug|Any CPU.ActiveCfg = Debug|Any CPU
		{DAE91C52-E475-4D8C-95E6-512B883E3D84}.Debug|Any CPU.Build.0 = Debug|Any CPU
		{DAE91C52-E475-4D8C-95E6-512B883E3D84}.Release|Any CPU.ActiveCfg = Release|Any CPU
		{DAE91C52-E475-4D8C-95E6-512B883E3D84}.Release|Any CPU.Build.0 = Release|Any CPU
		{1401951F-F7B1-4F51-946C-904D24D30751}.Debug|Any CPU.ActiveCfg = Debug|Any CPU
		{1401951F-F7B1-4F51-946C-904D24D30751}.Debug|Any CPU.Build.0 = Debug|Any CPU
		{1401951F-F7B1-4F51-946C-904D24D30751}.Release|Any CPU.ActiveCfg = Release|Any CPU
		{1401951F-F7B1-4F51-946C-904D24D30751}.Release|Any CPU.Build.0 = Release|Any CPU
		{E26E119C-0D10-4A15-96F6-E3978A6EFE42}.Debug|Any CPU.ActiveCfg = Debug|Any CPU
		{E26E119C-0D10-4A15-96F6-E3978A6EFE42}.Debug|Any CPU.Build.0 = Debug|Any CPU
		{E26E119C-0D10-4A15-96F6-E3978A6EFE42}.Release|Any CPU.ActiveCfg = Release|Any CPU
		{E26E119C-0D10-4A15-96F6-E3978A6EFE42}.Release|Any CPU.Build.0 = Release|Any CPU
		{6DF653C8-C0C6-4993-AA1D-470223D69CB6}.Debug|Any CPU.ActiveCfg = Debug|Any CPU
		{6DF653C8-C0C6-4993-AA1D-470223D69CB6}.Debug|Any CPU.Build.0 = Debug|Any CPU
		{6DF653C8-C0C6-4993-AA1D-470223D69CB6}.Release|Any CPU.ActiveCfg = Release|Any CPU
		{6DF653C8-C0C6-4993-AA1D-470223D69CB6}.Release|Any CPU.Build.0 = Release|Any CPU
		{E1283FF9-B722-416F-8EBA-36E3559D6908}.Debug|Any CPU.ActiveCfg = Debug|Any CPU
		{E1283FF9-B722-416F-8EBA-36E3559D6908}.Debug|Any CPU.Build.0 = Debug|Any CPU
		{E1283FF9-B722-416F-8EBA-36E3559D6908}.Release|Any CPU.ActiveCfg = Release|Any CPU
		{E1283FF9-B722-416F-8EBA-36E3559D6908}.Release|Any CPU.Build.0 = Release|Any CPU
		{9A689426-518B-4D06-8B3F-D4343EC928F6}.Debug|Any CPU.ActiveCfg = Debug|Any CPU
		{9A689426-518B-4D06-8B3F-D4343EC928F6}.Debug|Any CPU.Build.0 = Debug|Any CPU
		{9A689426-518B-4D06-8B3F-D4343EC928F6}.Release|Any CPU.ActiveCfg = Release|Any CPU
		{9A689426-518B-4D06-8B3F-D4343EC928F6}.Release|Any CPU.Build.0 = Release|Any CPU
		{DDC9E3E2-5C62-4860-B1E9-BAE9A3D3D566}.Debug|Any CPU.ActiveCfg = Debug|Any CPU
		{DDC9E3E2-5C62-4860-B1E9-BAE9A3D3D566}.Debug|Any CPU.Build.0 = Debug|Any CPU
		{DDC9E3E2-5C62-4860-B1E9-BAE9A3D3D566}.Release|Any CPU.ActiveCfg = Release|Any CPU
		{DDC9E3E2-5C62-4860-B1E9-BAE9A3D3D566}.Release|Any CPU.Build.0 = Release|Any CPU
		{65F75611-9102-49A4-BBF1-DBA29F8CB83E}.Debug|Any CPU.ActiveCfg = Debug|Any CPU
		{65F75611-9102-49A4-BBF1-DBA29F8CB83E}.Debug|Any CPU.Build.0 = Debug|Any CPU
		{65F75611-9102-49A4-BBF1-DBA29F8CB83E}.Release|Any CPU.ActiveCfg = Release|Any CPU
		{65F75611-9102-49A4-BBF1-DBA29F8CB83E}.Release|Any CPU.Build.0 = Release|Any CPU
		{0995B34B-E238-41C4-85FC-E12F7A5F8A1B}.Debug|Any CPU.ActiveCfg = Debug|Any CPU
		{0995B34B-E238-41C4-85FC-E12F7A5F8A1B}.Debug|Any CPU.Build.0 = Debug|Any CPU
		{0995B34B-E238-41C4-85FC-E12F7A5F8A1B}.Release|Any CPU.ActiveCfg = Release|Any CPU
		{0995B34B-E238-41C4-85FC-E12F7A5F8A1B}.Release|Any CPU.Build.0 = Release|Any CPU
		{13759A4D-781D-4A31-990A-87C737C562BB}.Debug|Any CPU.ActiveCfg = Debug|Any CPU
		{13759A4D-781D-4A31-990A-87C737C562BB}.Debug|Any CPU.Build.0 = Debug|Any CPU
		{13759A4D-781D-4A31-990A-87C737C562BB}.Release|Any CPU.ActiveCfg = Release|Any CPU
		{13759A4D-781D-4A31-990A-87C737C562BB}.Release|Any CPU.Build.0 = Release|Any CPU
		{6B0FF7B9-5567-46A8-97E0-736B95670AB0}.Debug|Any CPU.ActiveCfg = Debug|Any CPU
		{6B0FF7B9-5567-46A8-97E0-736B95670AB0}.Debug|Any CPU.Build.0 = Debug|Any CPU
		{6B0FF7B9-5567-46A8-97E0-736B95670AB0}.Release|Any CPU.ActiveCfg = Release|Any CPU
		{6B0FF7B9-5567-46A8-97E0-736B95670AB0}.Release|Any CPU.Build.0 = Release|Any CPU
		{623AE654-4FC5-45FA-B761-BFEFB9821477}.Debug|Any CPU.ActiveCfg = Debug|Any CPU
		{623AE654-4FC5-45FA-B761-BFEFB9821477}.Debug|Any CPU.Build.0 = Debug|Any CPU
		{623AE654-4FC5-45FA-B761-BFEFB9821477}.Release|Any CPU.ActiveCfg = Release|Any CPU
		{623AE654-4FC5-45FA-B761-BFEFB9821477}.Release|Any CPU.Build.0 = Release|Any CPU
		{A648868A-6DA3-4D09-B348-9CD3EEDE36C4}.Debug|Any CPU.ActiveCfg = Debug|Any CPU
		{A648868A-6DA3-4D09-B348-9CD3EEDE36C4}.Debug|Any CPU.Build.0 = Debug|Any CPU
		{A648868A-6DA3-4D09-B348-9CD3EEDE36C4}.Release|Any CPU.ActiveCfg = Release|Any CPU
		{A648868A-6DA3-4D09-B348-9CD3EEDE36C4}.Release|Any CPU.Build.0 = Release|Any CPU
		{888C500F-B4DA-4531-8B4A-3D2D3C2E4807}.Debug|Any CPU.ActiveCfg = Debug|Any CPU
		{888C500F-B4DA-4531-8B4A-3D2D3C2E4807}.Debug|Any CPU.Build.0 = Debug|Any CPU
		{888C500F-B4DA-4531-8B4A-3D2D3C2E4807}.Release|Any CPU.ActiveCfg = Release|Any CPU
		{888C500F-B4DA-4531-8B4A-3D2D3C2E4807}.Release|Any CPU.Build.0 = Release|Any CPU
		{57E86676-F6A0-4D2B-948C-C659FDE63CED}.Debug|Any CPU.ActiveCfg = Debug|Any CPU
		{57E86676-F6A0-4D2B-948C-C659FDE63CED}.Debug|Any CPU.Build.0 = Debug|Any CPU
		{57E86676-F6A0-4D2B-948C-C659FDE63CED}.Release|Any CPU.ActiveCfg = Release|Any CPU
		{57E86676-F6A0-4D2B-948C-C659FDE63CED}.Release|Any CPU.Build.0 = Release|Any CPU
		{946A442F-58E6-41DB-90A7-F482B2E70FE1}.Debug|Any CPU.ActiveCfg = Debug|Any CPU
		{946A442F-58E6-41DB-90A7-F482B2E70FE1}.Debug|Any CPU.Build.0 = Debug|Any CPU
		{946A442F-58E6-41DB-90A7-F482B2E70FE1}.Release|Any CPU.ActiveCfg = Release|Any CPU
		{946A442F-58E6-41DB-90A7-F482B2E70FE1}.Release|Any CPU.Build.0 = Release|Any CPU
		{45630638-6D0D-4AC4-9AF8-CAF5E5D9C5BC}.Debug|Any CPU.ActiveCfg = Debug|Any CPU
		{45630638-6D0D-4AC4-9AF8-CAF5E5D9C5BC}.Debug|Any CPU.Build.0 = Debug|Any CPU
		{45630638-6D0D-4AC4-9AF8-CAF5E5D9C5BC}.Release|Any CPU.ActiveCfg = Release|Any CPU
		{45630638-6D0D-4AC4-9AF8-CAF5E5D9C5BC}.Release|Any CPU.Build.0 = Release|Any CPU
		{C03D8F4D-757C-4100-B229-DCA381E8C028}.Debug|Any CPU.ActiveCfg = Debug|Any CPU
		{C03D8F4D-757C-4100-B229-DCA381E8C028}.Debug|Any CPU.Build.0 = Debug|Any CPU
		{C03D8F4D-757C-4100-B229-DCA381E8C028}.Release|Any CPU.ActiveCfg = Release|Any CPU
		{C03D8F4D-757C-4100-B229-DCA381E8C028}.Release|Any CPU.Build.0 = Release|Any CPU
		{A4EE5D24-9042-450B-AB2C-A93A15EE8679}.Debug|Any CPU.ActiveCfg = Debug|Any CPU
		{A4EE5D24-9042-450B-AB2C-A93A15EE8679}.Debug|Any CPU.Build.0 = Debug|Any CPU
		{A4EE5D24-9042-450B-AB2C-A93A15EE8679}.Release|Any CPU.ActiveCfg = Release|Any CPU
		{A4EE5D24-9042-450B-AB2C-A93A15EE8679}.Release|Any CPU.Build.0 = Release|Any CPU
	EndGlobalSection
	GlobalSection(SolutionProperties) = preSolution
		HideSolutionNode = FALSE
	EndGlobalSection
	GlobalSection(NestedProjects) = preSolution
		{292A3E5B-4F49-4F88-83EC-FF2794866C96} = {7722A939-356C-4F79-8A68-1D187FC9B92B}
		{F329597F-9160-4A20-A1A1-D58A9C47A66E} = {7722A939-356C-4F79-8A68-1D187FC9B92B}
		{DAE91C52-E475-4D8C-95E6-512B883E3D84} = {7722A939-356C-4F79-8A68-1D187FC9B92B}
		{1401951F-F7B1-4F51-946C-904D24D30751} = {406B0971-8454-4E89-846F-285B487E65E2}
		{E26E119C-0D10-4A15-96F6-E3978A6EFE42} = {406B0971-8454-4E89-846F-285B487E65E2}
		{6DF653C8-C0C6-4993-AA1D-470223D69CB6} = {406B0971-8454-4E89-846F-285B487E65E2}
		{E1283FF9-B722-416F-8EBA-36E3559D6908} = {0A32D88F-CCB9-492C-BFBF-3C03AEC2D8EA}
		{9A689426-518B-4D06-8B3F-D4343EC928F6} = {0A32D88F-CCB9-492C-BFBF-3C03AEC2D8EA}
		{DDC9E3E2-5C62-4860-B1E9-BAE9A3D3D566} = {0A32D88F-CCB9-492C-BFBF-3C03AEC2D8EA}
		{65F75611-9102-49A4-BBF1-DBA29F8CB83E} = {19840C71-5C9C-4FA8-9710-68720B609E8B}
		{0995B34B-E238-41C4-85FC-E12F7A5F8A1B} = {19840C71-5C9C-4FA8-9710-68720B609E8B}
		{13759A4D-781D-4A31-990A-87C737C562BB} = {19840C71-5C9C-4FA8-9710-68720B609E8B}
		{6B0FF7B9-5567-46A8-97E0-736B95670AB0} = {BBDDCC32-0EB2-4C5A-B8DC-C8FA93D76746}
		{623AE654-4FC5-45FA-B761-BFEFB9821477} = {BBDDCC32-0EB2-4C5A-B8DC-C8FA93D76746}
		{A648868A-6DA3-4D09-B348-9CD3EEDE36C4} = {BBDDCC32-0EB2-4C5A-B8DC-C8FA93D76746}
		{888C500F-B4DA-4531-8B4A-3D2D3C2E4807} = {DBFD081B-AE2D-42FF-882A-36898C3C1E9D}
		{57E86676-F6A0-4D2B-948C-C659FDE63CED} = {DBFD081B-AE2D-42FF-882A-36898C3C1E9D}
		{946A442F-58E6-41DB-90A7-F482B2E70FE1} = {DBFD081B-AE2D-42FF-882A-36898C3C1E9D}
		{45630638-6D0D-4AC4-9AF8-CAF5E5D9C5BC} = {DB5E2947-9B5C-4B37-9824-2578F345481B}
		{C03D8F4D-757C-4100-B229-DCA381E8C028} = {DB5E2947-9B5C-4B37-9824-2578F345481B}
		{A4EE5D24-9042-450B-AB2C-A93A15EE8679} = {DB5E2947-9B5C-4B37-9824-2578F345481B}
	EndGlobalSection
	GlobalSection(ExtensibilityGlobals) = postSolution
		SolutionGuid = {DB4D78A5-75A6-451F-8FD4-E9D8EEC2EE7B}
	EndGlobalSection
EndGlobal
